<?xml version="1.0" encoding="utf-8"?>
<Project ToolsVersion="4.0" xmlns="http://schemas.microsoft.com/developer/msbuild/2003">
  <ItemGroup>
    <Filter Include="Source Files">
      <UniqueIdentifier>{4FC737F1-C7A5-4376-A066-2A32D752A2FF}</UniqueIdentifier>
      <Extensions>cpp;c;cc;cxx;def;odl;idl;hpj;bat;asm;asmx</Extensions>
    </Filter>
    <Filter Include="Header Files">
      <UniqueIdentifier>{93995380-89BD-4b04-88EB-625FBE52EBFB}</UniqueIdentifier>
      <Extensions>h;hpp;hxx;hm;inl;inc;xsd</Extensions>
    </Filter>
    <Filter Include="odb">
      <UniqueIdentifier>{c375d1ff-96d6-4b42-90bf-e5fd82e293d6}</UniqueIdentifier>
    </Filter>
  </ItemGroup>
  <ItemGroup>
    <ClCompile Include="odb\configuration-odb.cxx">
      <Filter>odb</Filter>
    </ClCompile>
    <ClCompile Include="odb\model-odb.cxx">
      <Filter>odb</Filter>
    </ClCompile>
    <ClCompile Include="odb\modules-odb.cxx">
      <Filter>odb</Filter>
    </ClCompile>
    <ClCompile Include="odb\pilot-odb.cxx">
      <Filter>odb</Filter>
    </ClCompile>
    <ClCompile Include="odb\profile-odb.cxx">
      <Filter>odb</Filter>
    </ClCompile>
    <ClCompile Include="configuration.cpp">
      <Filter>Source Files</Filter>
    </ClCompile>
    <ClCompile Include="hitzone.cpp">
      <Filter>Source Files</Filter>
    </ClCompile>
    <ClCompile Include="messages.cpp">
      <Filter>Source Files</Filter>
    </ClCompile>
    <ClCompile Include="model.cpp">
      <Filter>Source Files</Filter>
    </ClCompile>
    <ClCompile Include="modules.cpp">
      <Filter>Source Files</Filter>
    </ClCompile>
    <ClCompile Include="network.cpp">
      <Filter>Source Files</Filter>
    </ClCompile>
    <ClCompile Include="pilot.cpp">
      <Filter>Source Files</Filter>
    </ClCompile>
    <ClCompile Include="plane.cpp">
      <Filter>Source Files</Filter>
    </ClCompile>
    <ClCompile Include="profile.cpp">
      <Filter>Source Files</Filter>
    </ClCompile>
    <ClCompile Include="projectile.cpp">
      <Filter>Source Files</Filter>
    </ClCompile>
    <ClCompile Include="stdafx.cpp">
      <Filter>Source Files</Filter>
    </ClCompile>
  </ItemGroup>
  <ItemGroup>
    <ClInclude Include="odb\configuration-odb.hxx">
      <Filter>odb</Filter>
    </ClInclude>
    <ClInclude Include="odb\model-odb.hxx">
      <Filter>odb</Filter>
    </ClInclude>
    <ClInclude Include="odb\modules-odb.hxx">
      <Filter>odb</Filter>
    </ClInclude>
    <ClInclude Include="odb\pilot-odb.hxx">
      <Filter>odb</Filter>
    </ClInclude>
    <ClInclude Include="odb\profile-odb.hxx">
      <Filter>odb</Filter>
    </ClInclude>
    <ClInclude Include="helpers.h">
      <Filter>Header Files</Filter>
    </ClInclude>
    <ClInclude Include="parallel.h">
      <Filter>Header Files</Filter>
    </ClInclude>
    <ClInclude Include="database.h">
      <Filter>Header Files</Filter>
    </ClInclude>
    <ClInclude Include="exceptions.h">
      <Filter>Header Files</Filter>
    </ClInclude>
    <ClInclude Include="geometry.h">
      <Filter>Header Files</Filter>
    </ClInclude>
    <ClInclude Include="hitzone.h">
      <Filter>Header Files</Filter>
    </ClInclude>
    <ClInclude Include="messages.h">
      <Filter>Header Files</Filter>
    </ClInclude>
    <ClInclude Include="network.h">
      <Filter>Header Files</Filter>
    </ClInclude>
    <ClInclude Include="plane.h">
      <Filter>Header Files</Filter>
    </ClInclude>
    <ClInclude Include="projectile.h">
      <Filter>Header Files</Filter>
    </ClInclude>
    <ClInclude Include="stdafx.h">
      <Filter>Header Files</Filter>
    </ClInclude>
  </ItemGroup>
  <ItemGroup>
    <CustomBuild Include="configuration.h">
      <Filter>Header Files</Filter>
    </CustomBuild>
    <CustomBuild Include="model.h">
      <Filter>Header Files</Filter>
    </CustomBuild>
    <CustomBuild Include="modules.h">
      <Filter>Header Files</Filter>
    </CustomBuild>
    <CustomBuild Include="pilot.h">
      <Filter>Header Files</Filter>
    </CustomBuild>
    <CustomBuild Include="profile.h">
      <Filter>Header Files</Filter>
    </CustomBuild>
  </ItemGroup>
  <ItemGroup>
    <None Include="odb\configuration-odb.ixx">
      <Filter>odb</Filter>
    </None>
    <None Include="odb\model-odb.ixx">
      <Filter>odb</Filter>
    </None>
    <None Include="odb\modules-odb.ixx">
      <Filter>odb</Filter>
    </None>
    <None Include="odb\pilot-odb.ixx">
      <Filter>odb</Filter>
    </None>
    <None Include="odb\profile-odb.ixx">
      <Filter>odb</Filter>
    </None>
  </ItemGroup>
</Project>